// !$*UTF8*$!
{
	archiveVersion = 1;
	classes = {
	};
	objectVersion = 46;
	objects = {

/* Begin PBXBuildFile section */
		183673FF1A7F8FA800BCCF39 /* Foundation.framework in Frameworks */ = {isa = PBXBuildFile; fileRef = 183673FE1A7F8FA800BCCF39 /* Foundation.framework */; };
		183674011A7F8FA800BCCF39 /* CoreGraphics.framework in Frameworks */ = {isa = PBXBuildFile; fileRef = 183674001A7F8FA800BCCF39 /* CoreGraphics.framework */; };
		183674031A7F8FA800BCCF39 /* UIKit.framework in Frameworks */ = {isa = PBXBuildFile; fileRef = 183674021A7F8FA800BCCF39 /* UIKit.framework */; };
		183674091A7F8FA800BCCF39 /* InfoPlist.strings in Resources */ = {isa = PBXBuildFile; fileRef = 183674071A7F8FA800BCCF39 /* InfoPlist.strings */; };
		1836740B1A7F8FA800BCCF39 /* main.m in Sources */ = {isa = PBXBuildFile; fileRef = 1836740A1A7F8FA800BCCF39 /* main.m */; };
		1836740F1A7F8FA800BCCF39 /* QSAppDelegate.m in Sources */ = {isa = PBXBuildFile; fileRef = 1836740E1A7F8FA800BCCF39 /* QSAppDelegate.m */; };
		183674111A7F8FA800BCCF39 /* Images.xcassets in Resources */ = {isa = PBXBuildFile; fileRef = 183674101A7F8FA800BCCF39 /* Images.xcassets */; };
		183674181A7F8FA800BCCF39 /* XCTest.framework in Frameworks */ = {isa = PBXBuildFile; fileRef = 183674171A7F8FA800BCCF39 /* XCTest.framework */; };
		183674191A7F8FA800BCCF39 /* Foundation.framework in Frameworks */ = {isa = PBXBuildFile; fileRef = 183673FE1A7F8FA800BCCF39 /* Foundation.framework */; };
		1836741A1A7F8FA800BCCF39 /* UIKit.framework in Frameworks */ = {isa = PBXBuildFile; fileRef = 183674021A7F8FA800BCCF39 /* UIKit.framework */; };
		183674221A7F8FA800BCCF39 /* InfoPlist.strings in Resources */ = {isa = PBXBuildFile; fileRef = 183674201A7F8FA800BCCF39 /* InfoPlist.strings */; };
		183674241A7F8FA800BCCF39 /* suntryTests.m in Sources */ = {isa = PBXBuildFile; fileRef = 183674231A7F8FA800BCCF39 /* suntryTests.m */; };
		478935411A876B0D008E12A1 /* QSPShakeFoodView.m in Sources */ = {isa = PBXBuildFile; fileRef = 478935401A876B0D008E12A1 /* QSPShakeFoodView.m */; };
		478935441A876B20008E12A1 /* QSPFoodCountControlView.m in Sources */ = {isa = PBXBuildFile; fileRef = 478935431A876B20008E12A1 /* QSPFoodCountControlView.m */; };
		478935491A878B21008E12A1 /* QSPFoodTypeTableViewCell.m in Sources */ = {isa = PBXBuildFile; fileRef = 478935481A878B21008E12A1 /* QSPFoodTypeTableViewCell.m */; };
		4789354C1A878DD0008E12A1 /* QSPFoodInfoListTableViewCell.m in Sources */ = {isa = PBXBuildFile; fileRef = 4789354B1A878DD0008E12A1 /* QSPFoodInfoListTableViewCell.m */; };
		47DF5A2A1A88B7230088C87D /* QSPShoppingCarView.m in Sources */ = {isa = PBXBuildFile; fileRef = 47DF5A291A88B7230088C87D /* QSPShoppingCarView.m */; };
		CE5341441A7FA4CE002BA188 /* QSHomeViewController.m in Sources */ = {isa = PBXBuildFile; fileRef = CE53412F1A7FA4CE002BA188 /* QSHomeViewController.m */; };
		CE5341451A7FA4CE002BA188 /* QSTabBarViewController.m in Sources */ = {isa = PBXBuildFile; fileRef = CE5341321A7FA4CE002BA188 /* QSTabBarViewController.m */; };
		CE5341461A7FA4CE002BA188 /* QSAnnotation.m in Sources */ = {isa = PBXBuildFile; fileRef = CE5341351A7FA4CE002BA188 /* QSAnnotation.m */; };
		CE5341471A7FA4CE002BA188 /* QSMapNavigationViewController.m in Sources */ = {isa = PBXBuildFile; fileRef = CE5341371A7FA4CE002BA188 /* QSMapNavigationViewController.m */; };
		CE5341481A7FA4CE002BA188 /* QSMyinfoViewController.m in Sources */ = {isa = PBXBuildFile; fileRef = CE53413A1A7FA4CE002BA188 /* QSMyinfoViewController.m */; };
		CE5341491A7FA4CE002BA188 /* QSOrderViewController.m in Sources */ = {isa = PBXBuildFile; fileRef = CE53413D1A7FA4CE002BA188 /* QSOrderViewController.m */; };
		CE53414B1A7FA4CE002BA188 /* QSPointMealViewController.m in Sources */ = {isa = PBXBuildFile; fileRef = CE5341431A7FA4CE002BA188 /* QSPointMealViewController.m */; };
		CE53415A1A7FA527002BA188 /* QSDataMappingManager.m in Sources */ = {isa = PBXBuildFile; fileRef = CE5341501A7FA527002BA188 /* QSDataMappingManager.m */; };
		CE53415B1A7FA527002BA188 /* QSMapManager.m in Sources */ = {isa = PBXBuildFile; fileRef = CE5341531A7FA527002BA188 /* QSMapManager.m */; };
		CE53415C1A7FA527002BA188 /* QSRequestManager.m in Sources */ = {isa = PBXBuildFile; fileRef = CE5341561A7FA527002BA188 /* QSRequestManager.m */; };
		CE53415D1A7FA527002BA188 /* QSRequestTaskDataModel.m in Sources */ = {isa = PBXBuildFile; fileRef = CE5341581A7FA527002BA188 /* QSRequestTaskDataModel.m */; };
		CE53415E1A7FA527002BA188 /* RequestInfo.plist in Resources */ = {isa = PBXBuildFile; fileRef = CE5341591A7FA527002BA188 /* RequestInfo.plist */; };
		CE5341751A7FBC6F002BA188 /* QSBlockButton.m in Sources */ = {isa = PBXBuildFile; fileRef = CE5341721A7FBC6F002BA188 /* QSBlockButton.m */; };
		CE5341761A7FBC6F002BA188 /* QSBlockButtonStyleModel.m in Sources */ = {isa = PBXBuildFile; fileRef = CE5341741A7FBC6F002BA188 /* QSBlockButtonStyleModel.m */; };
		CE5341801A7FBCAC002BA188 /* UIImage+Compressed.m in Sources */ = {isa = PBXBuildFile; fileRef = CE53417A1A7FBCAC002BA188 /* UIImage+Compressed.m */; };
		CE5341811A7FBCAC002BA188 /* UIImageView+CacheImage.m in Sources */ = {isa = PBXBuildFile; fileRef = CE53417D1A7FBCAC002BA188 /* UIImageView+CacheImage.m */; };
		CE5341821A7FBCAC002BA188 /* QSImageView.m in Sources */ = {isa = PBXBuildFile; fileRef = CE53417F1A7FBCAC002BA188 /* QSImageView.m */; };
		CE5341861A7FBD4C002BA188 /* QSLabel.m in Sources */ = {isa = PBXBuildFile; fileRef = CE5341851A7FBD4C002BA188 /* QSLabel.m */; };
		CE5341A01A7FBFAA002BA188 /* NSString+Calculation.m in Sources */ = {isa = PBXBuildFile; fileRef = CE5341941A7FBFAA002BA188 /* NSString+Calculation.m */; };
		CE5341A21A7FBFAA002BA188 /* QSImageView+Block.m in Sources */ = {isa = PBXBuildFile; fileRef = CE53419A1A7FBFAA002BA188 /* QSImageView+Block.m */; };
		CE5341A31A7FBFAA002BA188 /* UITextField+CustomField.m in Sources */ = {isa = PBXBuildFile; fileRef = CE53419D1A7FBFAA002BA188 /* UITextField+CustomField.m */; };
		CE5341A51A7FBFD8002BA188 /* Readme.rtf in Resources */ = {isa = PBXBuildFile; fileRef = CE5341A41A7FBFD8002BA188 /* Readme.rtf */; };
		CE5341A91A7FC268002BA188 /* QSTextField.m in Sources */ = {isa = PBXBuildFile; fileRef = CE5341A81A7FC268002BA188 /* QSTextField.m */; };
		CE5342021A808042002BA188 /* MapKit.framework in Frameworks */ = {isa = PBXBuildFile; fileRef = CE5342011A808042002BA188 /* MapKit.framework */; };
		CE571ED91A84798800609788 /* QSDistrictDataModel.m in Sources */ = {isa = PBXBuildFile; fileRef = CE571ED01A84798800609788 /* QSDistrictDataModel.m */; };
		CE571EDA1A84798800609788 /* QSHeaderDataModel.m in Sources */ = {isa = PBXBuildFile; fileRef = CE571ED31A84798800609788 /* QSHeaderDataModel.m */; };
		CE571EDB1A84798800609788 /* QSBaseModel.m in Sources */ = {isa = PBXBuildFile; fileRef = CE571ED51A84798800609788 /* QSBaseModel.m */; };
		CE571EDC1A84798800609788 /* QSDistrictReturnData.m in Sources */ = {isa = PBXBuildFile; fileRef = CE571ED81A84798800609788 /* QSDistrictReturnData.m */; };
		CE571EE01A848AF500609788 /* QSWMerchantIndexViewController.m in Sources */ = {isa = PBXBuildFile; fileRef = CE571EDE1A848AF500609788 /* QSWMerchantIndexViewController.m */; };
		CE571EE11A848AF500609788 /* QSWMerchantIndexViewController.xib in Resources */ = {isa = PBXBuildFile; fileRef = CE571EDF1A848AF500609788 /* QSWMerchantIndexViewController.xib */; };
		CE571EE41A84A37C00609788 /* QSWMerchantIndexCell.m in Sources */ = {isa = PBXBuildFile; fileRef = CE571EE31A84A37C00609788 /* QSWMerchantIndexCell.m */; };
		CEF7D8701A80B09B00E14730 /* CoreLocation.framework in Frameworks */ = {isa = PBXBuildFile; fileRef = CEF7D86F1A80B09B00E14730 /* CoreLocation.framework */; };
		CEF7D8721A80BEE700E14730 /* SystemConfiguration.framework in Frameworks */ = {isa = PBXBuildFile; fileRef = CEF7D8711A80BEE700E14730 /* SystemConfiguration.framework */; };
		E499385CF0045A0843FE9A75 /* libPods.a in Frameworks */ = {isa = PBXBuildFile; fileRef = AFE9B580549DCA38D48BB605 /* libPods.a */; };
/* End PBXBuildFile section */

/* Begin PBXContainerItemProxy section */
		1836741B1A7F8FA800BCCF39 /* PBXContainerItemProxy */ = {
			isa = PBXContainerItemProxy;
			containerPortal = 183673F31A7F8FA800BCCF39 /* Project object */;
			proxyType = 1;
			remoteGlobalIDString = 183673FA1A7F8FA800BCCF39;
			remoteInfo = suntry;
		};
/* End PBXContainerItemProxy section */

/* Begin PBXFileReference section */
		183673FB1A7F8FA800BCCF39 /* suntry.app */ = {isa = PBXFileReference; explicitFileType = wrapper.application; includeInIndex = 0; path = suntry.app; sourceTree = BUILT_PRODUCTS_DIR; };
		183673FE1A7F8FA800BCCF39 /* Foundation.framework */ = {isa = PBXFileReference; lastKnownFileType = wrapper.framework; name = Foundation.framework; path = System/Library/Frameworks/Foundation.framework; sourceTree = SDKROOT; };
		183674001A7F8FA800BCCF39 /* CoreGraphics.framework */ = {isa = PBXFileReference; lastKnownFileType = wrapper.framework; name = CoreGraphics.framework; path = System/Library/Frameworks/CoreGraphics.framework; sourceTree = SDKROOT; };
		183674021A7F8FA800BCCF39 /* UIKit.framework */ = {isa = PBXFileReference; lastKnownFileType = wrapper.framework; name = UIKit.framework; path = System/Library/Frameworks/UIKit.framework; sourceTree = SDKROOT; };
		183674061A7F8FA800BCCF39 /* suntry-Info.plist */ = {isa = PBXFileReference; lastKnownFileType = text.plist.xml; path = "suntry-Info.plist"; sourceTree = "<group>"; };
		183674081A7F8FA800BCCF39 /* en */ = {isa = PBXFileReference; lastKnownFileType = text.plist.strings; name = en; path = en.lproj/InfoPlist.strings; sourceTree = "<group>"; };
		1836740A1A7F8FA800BCCF39 /* main.m */ = {isa = PBXFileReference; lastKnownFileType = sourcecode.c.objc; path = main.m; sourceTree = "<group>"; };
		1836740C1A7F8FA800BCCF39 /* suntry-Prefix.pch */ = {isa = PBXFileReference; lastKnownFileType = sourcecode.c.h; path = "suntry-Prefix.pch"; sourceTree = "<group>"; };
		1836740D1A7F8FA800BCCF39 /* QSAppDelegate.h */ = {isa = PBXFileReference; lastKnownFileType = sourcecode.c.h; path = QSAppDelegate.h; sourceTree = "<group>"; };
		1836740E1A7F8FA800BCCF39 /* QSAppDelegate.m */ = {isa = PBXFileReference; lastKnownFileType = sourcecode.c.objc; path = QSAppDelegate.m; sourceTree = "<group>"; };
		183674101A7F8FA800BCCF39 /* Images.xcassets */ = {isa = PBXFileReference; lastKnownFileType = folder.assetcatalog; path = Images.xcassets; sourceTree = "<group>"; };
		183674161A7F8FA800BCCF39 /* suntryTests.xctest */ = {isa = PBXFileReference; explicitFileType = wrapper.cfbundle; includeInIndex = 0; path = suntryTests.xctest; sourceTree = BUILT_PRODUCTS_DIR; };
		183674171A7F8FA800BCCF39 /* XCTest.framework */ = {isa = PBXFileReference; lastKnownFileType = wrapper.framework; name = XCTest.framework; path = Library/Frameworks/XCTest.framework; sourceTree = DEVELOPER_DIR; };
		1836741F1A7F8FA800BCCF39 /* suntryTests-Info.plist */ = {isa = PBXFileReference; lastKnownFileType = text.plist.xml; path = "suntryTests-Info.plist"; sourceTree = "<group>"; };
		183674211A7F8FA800BCCF39 /* en */ = {isa = PBXFileReference; lastKnownFileType = text.plist.strings; name = en; path = en.lproj/InfoPlist.strings; sourceTree = "<group>"; };
		183674231A7F8FA800BCCF39 /* suntryTests.m */ = {isa = PBXFileReference; lastKnownFileType = sourcecode.c.objc; path = suntryTests.m; sourceTree = "<group>"; };
		4789353F1A876B0D008E12A1 /* QSPShakeFoodView.h */ = {isa = PBXFileReference; fileEncoding = 4; lastKnownFileType = sourcecode.c.h; path = QSPShakeFoodView.h; sourceTree = "<group>"; };
		478935401A876B0D008E12A1 /* QSPShakeFoodView.m */ = {isa = PBXFileReference; fileEncoding = 4; lastKnownFileType = sourcecode.c.objc; path = QSPShakeFoodView.m; sourceTree = "<group>"; };
		478935421A876B20008E12A1 /* QSPFoodCountControlView.h */ = {isa = PBXFileReference; fileEncoding = 4; lastKnownFileType = sourcecode.c.h; path = QSPFoodCountControlView.h; sourceTree = "<group>"; };
		478935431A876B20008E12A1 /* QSPFoodCountControlView.m */ = {isa = PBXFileReference; fileEncoding = 4; lastKnownFileType = sourcecode.c.objc; path = QSPFoodCountControlView.m; sourceTree = "<group>"; };
		478935471A878B21008E12A1 /* QSPFoodTypeTableViewCell.h */ = {isa = PBXFileReference; fileEncoding = 4; lastKnownFileType = sourcecode.c.h; path = QSPFoodTypeTableViewCell.h; sourceTree = "<group>"; };
		478935481A878B21008E12A1 /* QSPFoodTypeTableViewCell.m */ = {isa = PBXFileReference; fileEncoding = 4; lastKnownFileType = sourcecode.c.objc; path = QSPFoodTypeTableViewCell.m; sourceTree = "<group>"; };
		4789354A1A878DD0008E12A1 /* QSPFoodInfoListTableViewCell.h */ = {isa = PBXFileReference; fileEncoding = 4; lastKnownFileType = sourcecode.c.h; path = QSPFoodInfoListTableViewCell.h; sourceTree = "<group>"; };
		4789354B1A878DD0008E12A1 /* QSPFoodInfoListTableViewCell.m */ = {isa = PBXFileReference; fileEncoding = 4; lastKnownFileType = sourcecode.c.objc; path = QSPFoodInfoListTableViewCell.m; sourceTree = "<group>"; };
		47DF5A281A88B7230088C87D /* QSPShoppingCarView.h */ = {isa = PBXFileReference; fileEncoding = 4; lastKnownFileType = sourcecode.c.h; path = QSPShoppingCarView.h; sourceTree = "<group>"; };
		47DF5A291A88B7230088C87D /* QSPShoppingCarView.m */ = {isa = PBXFileReference; fileEncoding = 4; lastKnownFileType = sourcecode.c.objc; path = QSPShoppingCarView.m; sourceTree = "<group>"; };
		522151CC3B754FB3D8D94A4F /* Pods.debug.xcconfig */ = {isa = PBXFileReference; includeInIndex = 1; lastKnownFileType = text.xcconfig; name = Pods.debug.xcconfig; path = "Pods/Target Support Files/Pods/Pods.debug.xcconfig"; sourceTree = "<group>"; };
		A8A22AA6E30509820033BFFD /* Pods.release.xcconfig */ = {isa = PBXFileReference; includeInIndex = 1; lastKnownFileType = text.xcconfig; name = Pods.release.xcconfig; path = "Pods/Target Support Files/Pods/Pods.release.xcconfig"; sourceTree = "<group>"; };
		AFE9B580549DCA38D48BB605 /* libPods.a */ = {isa = PBXFileReference; explicitFileType = archive.ar; includeInIndex = 0; path = libPods.a; sourceTree = BUILT_PRODUCTS_DIR; };
		CE53412E1A7FA4CE002BA188 /* QSHomeViewController.h */ = {isa = PBXFileReference; fileEncoding = 4; lastKnownFileType = sourcecode.c.h; path = QSHomeViewController.h; sourceTree = "<group>"; };
		CE53412F1A7FA4CE002BA188 /* QSHomeViewController.m */ = {isa = PBXFileReference; fileEncoding = 4; lastKnownFileType = sourcecode.c.objc; path = QSHomeViewController.m; sourceTree = "<group>"; };
		CE5341311A7FA4CE002BA188 /* QSTabBarViewController.h */ = {isa = PBXFileReference; fileEncoding = 4; lastKnownFileType = sourcecode.c.h; path = QSTabBarViewController.h; sourceTree = "<group>"; };
		CE5341321A7FA4CE002BA188 /* QSTabBarViewController.m */ = {isa = PBXFileReference; fileEncoding = 4; lastKnownFileType = sourcecode.c.objc; path = QSTabBarViewController.m; sourceTree = "<group>"; };
		CE5341341A7FA4CE002BA188 /* QSAnnotation.h */ = {isa = PBXFileReference; fileEncoding = 4; lastKnownFileType = sourcecode.c.h; path = QSAnnotation.h; sourceTree = "<group>"; };
		CE5341351A7FA4CE002BA188 /* QSAnnotation.m */ = {isa = PBXFileReference; fileEncoding = 4; lastKnownFileType = sourcecode.c.objc; path = QSAnnotation.m; sourceTree = "<group>"; };
		CE5341361A7FA4CE002BA188 /* QSMapNavigationViewController.h */ = {isa = PBXFileReference; fileEncoding = 4; lastKnownFileType = sourcecode.c.h; path = QSMapNavigationViewController.h; sourceTree = "<group>"; };
		CE5341371A7FA4CE002BA188 /* QSMapNavigationViewController.m */ = {isa = PBXFileReference; fileEncoding = 4; lastKnownFileType = sourcecode.c.objc; path = QSMapNavigationViewController.m; sourceTree = "<group>"; };
		CE5341391A7FA4CE002BA188 /* QSMyinfoViewController.h */ = {isa = PBXFileReference; fileEncoding = 4; lastKnownFileType = sourcecode.c.h; path = QSMyinfoViewController.h; sourceTree = "<group>"; };
		CE53413A1A7FA4CE002BA188 /* QSMyinfoViewController.m */ = {isa = PBXFileReference; fileEncoding = 4; lastKnownFileType = sourcecode.c.objc; path = QSMyinfoViewController.m; sourceTree = "<group>"; };
		CE53413C1A7FA4CE002BA188 /* QSOrderViewController.h */ = {isa = PBXFileReference; fileEncoding = 4; lastKnownFileType = sourcecode.c.h; path = QSOrderViewController.h; sourceTree = "<group>"; };
		CE53413D1A7FA4CE002BA188 /* QSOrderViewController.m */ = {isa = PBXFileReference; fileEncoding = 4; lastKnownFileType = sourcecode.c.objc; path = QSOrderViewController.m; sourceTree = "<group>"; };
		CE5341421A7FA4CE002BA188 /* QSPointMealViewController.h */ = {isa = PBXFileReference; fileEncoding = 4; lastKnownFileType = sourcecode.c.h; path = QSPointMealViewController.h; sourceTree = "<group>"; };
		CE5341431A7FA4CE002BA188 /* QSPointMealViewController.m */ = {isa = PBXFileReference; fileEncoding = 4; lastKnownFileType = sourcecode.c.objc; path = QSPointMealViewController.m; sourceTree = "<group>"; };
		CE53414F1A7FA527002BA188 /* QSDataMappingManager.h */ = {isa = PBXFileReference; fileEncoding = 4; lastKnownFileType = sourcecode.c.h; path = QSDataMappingManager.h; sourceTree = "<group>"; };
		CE5341501A7FA527002BA188 /* QSDataMappingManager.m */ = {isa = PBXFileReference; fileEncoding = 4; lastKnownFileType = sourcecode.c.objc; path = QSDataMappingManager.m; sourceTree = "<group>"; };
		CE5341521A7FA527002BA188 /* QSMapManager.h */ = {isa = PBXFileReference; fileEncoding = 4; lastKnownFileType = sourcecode.c.h; path = QSMapManager.h; sourceTree = "<group>"; };
		CE5341531A7FA527002BA188 /* QSMapManager.m */ = {isa = PBXFileReference; fileEncoding = 4; lastKnownFileType = sourcecode.c.objc; path = QSMapManager.m; sourceTree = "<group>"; };
		CE5341551A7FA527002BA188 /* QSRequestManager.h */ = {isa = PBXFileReference; fileEncoding = 4; lastKnownFileType = sourcecode.c.h; path = QSRequestManager.h; sourceTree = "<group>"; };
		CE5341561A7FA527002BA188 /* QSRequestManager.m */ = {isa = PBXFileReference; fileEncoding = 4; lastKnownFileType = sourcecode.c.objc; path = QSRequestManager.m; sourceTree = "<group>"; };
		CE5341571A7FA527002BA188 /* QSRequestTaskDataModel.h */ = {isa = PBXFileReference; fileEncoding = 4; lastKnownFileType = sourcecode.c.h; path = QSRequestTaskDataModel.h; sourceTree = "<group>"; };
		CE5341581A7FA527002BA188 /* QSRequestTaskDataModel.m */ = {isa = PBXFileReference; fileEncoding = 4; lastKnownFileType = sourcecode.c.objc; path = QSRequestTaskDataModel.m; sourceTree = "<group>"; };
		CE5341591A7FA527002BA188 /* RequestInfo.plist */ = {isa = PBXFileReference; fileEncoding = 4; lastKnownFileType = text.plist.xml; path = RequestInfo.plist; sourceTree = "<group>"; };
		CE5341661A7FAF3A002BA188 /* ColorHeader.h */ = {isa = PBXFileReference; lastKnownFileType = sourcecode.c.h; path = ColorHeader.h; sourceTree = "<group>"; };
		CE53416B1A7FB23E002BA188 /* DeviceSizeHeader.h */ = {isa = PBXFileReference; lastKnownFileType = sourcecode.c.h; path = DeviceSizeHeader.h; sourceTree = "<group>"; };
		CE53416C1A7FB269002BA188 /* FontHeader.h */ = {isa = PBXFileReference; lastKnownFileType = sourcecode.c.h; path = FontHeader.h; sourceTree = "<group>"; };
		CE53416D1A7FB297002BA188 /* ViewSizeHeader.h */ = {isa = PBXFileReference; lastKnownFileType = sourcecode.c.h; path = ViewSizeHeader.h; sourceTree = "<group>"; };
		CE53416E1A7FB304002BA188 /* ImageHeader.h */ = {isa = PBXFileReference; lastKnownFileType = sourcecode.c.h; path = ImageHeader.h; sourceTree = "<group>"; };
		CE5341711A7FBC6F002BA188 /* QSBlockButton.h */ = {isa = PBXFileReference; fileEncoding = 4; lastKnownFileType = sourcecode.c.h; path = QSBlockButton.h; sourceTree = "<group>"; };
		CE5341721A7FBC6F002BA188 /* QSBlockButton.m */ = {isa = PBXFileReference; fileEncoding = 4; lastKnownFileType = sourcecode.c.objc; path = QSBlockButton.m; sourceTree = "<group>"; };
		CE5341731A7FBC6F002BA188 /* QSBlockButtonStyleModel.h */ = {isa = PBXFileReference; fileEncoding = 4; lastKnownFileType = sourcecode.c.h; path = QSBlockButtonStyleModel.h; sourceTree = "<group>"; };
		CE5341741A7FBC6F002BA188 /* QSBlockButtonStyleModel.m */ = {isa = PBXFileReference; fileEncoding = 4; lastKnownFileType = sourcecode.c.objc; path = QSBlockButtonStyleModel.m; sourceTree = "<group>"; };
		CE5341791A7FBCAC002BA188 /* UIImage+Compressed.h */ = {isa = PBXFileReference; fileEncoding = 4; lastKnownFileType = sourcecode.c.h; path = "UIImage+Compressed.h"; sourceTree = "<group>"; };
		CE53417A1A7FBCAC002BA188 /* UIImage+Compressed.m */ = {isa = PBXFileReference; fileEncoding = 4; lastKnownFileType = sourcecode.c.objc; path = "UIImage+Compressed.m"; sourceTree = "<group>"; };
		CE53417C1A7FBCAC002BA188 /* UIImageView+CacheImage.h */ = {isa = PBXFileReference; fileEncoding = 4; lastKnownFileType = sourcecode.c.h; path = "UIImageView+CacheImage.h"; sourceTree = "<group>"; };
		CE53417D1A7FBCAC002BA188 /* UIImageView+CacheImage.m */ = {isa = PBXFileReference; fileEncoding = 4; lastKnownFileType = sourcecode.c.objc; path = "UIImageView+CacheImage.m"; sourceTree = "<group>"; };
		CE53417E1A7FBCAC002BA188 /* QSImageView.h */ = {isa = PBXFileReference; fileEncoding = 4; lastKnownFileType = sourcecode.c.h; path = QSImageView.h; sourceTree = "<group>"; };
		CE53417F1A7FBCAC002BA188 /* QSImageView.m */ = {isa = PBXFileReference; fileEncoding = 4; lastKnownFileType = sourcecode.c.objc; path = QSImageView.m; sourceTree = "<group>"; };
		CE5341841A7FBD4C002BA188 /* QSLabel.h */ = {isa = PBXFileReference; fileEncoding = 4; lastKnownFileType = sourcecode.c.h; path = QSLabel.h; sourceTree = "<group>"; };
		CE5341851A7FBD4C002BA188 /* QSLabel.m */ = {isa = PBXFileReference; fileEncoding = 4; lastKnownFileType = sourcecode.c.objc; path = QSLabel.m; sourceTree = "<group>"; };
		CE5341931A7FBFAA002BA188 /* NSString+Calculation.h */ = {isa = PBXFileReference; fileEncoding = 4; lastKnownFileType = sourcecode.c.h; path = "NSString+Calculation.h"; sourceTree = "<group>"; };
		CE5341941A7FBFAA002BA188 /* NSString+Calculation.m */ = {isa = PBXFileReference; fileEncoding = 4; lastKnownFileType = sourcecode.c.objc; path = "NSString+Calculation.m"; sourceTree = "<group>"; };
		CE5341991A7FBFAA002BA188 /* QSImageView+Block.h */ = {isa = PBXFileReference; fileEncoding = 4; lastKnownFileType = sourcecode.c.h; path = "QSImageView+Block.h"; sourceTree = "<group>"; };
		CE53419A1A7FBFAA002BA188 /* QSImageView+Block.m */ = {isa = PBXFileReference; fileEncoding = 4; lastKnownFileType = sourcecode.c.objc; path = "QSImageView+Block.m"; sourceTree = "<group>"; };
		CE53419C1A7FBFAA002BA188 /* UITextField+CustomField.h */ = {isa = PBXFileReference; fileEncoding = 4; lastKnownFileType = sourcecode.c.h; path = "UITextField+CustomField.h"; sourceTree = "<group>"; };
		CE53419D1A7FBFAA002BA188 /* UITextField+CustomField.m */ = {isa = PBXFileReference; fileEncoding = 4; lastKnownFileType = sourcecode.c.objc; path = "UITextField+CustomField.m"; sourceTree = "<group>"; };
		CE5341A41A7FBFD8002BA188 /* Readme.rtf */ = {isa = PBXFileReference; fileEncoding = 4; lastKnownFileType = text.rtf; path = Readme.rtf; sourceTree = "<group>"; };
		CE5341A71A7FC268002BA188 /* QSTextField.h */ = {isa = PBXFileReference; fileEncoding = 4; lastKnownFileType = sourcecode.c.h; path = QSTextField.h; sourceTree = "<group>"; };
		CE5341A81A7FC268002BA188 /* QSTextField.m */ = {isa = PBXFileReference; fileEncoding = 4; lastKnownFileType = sourcecode.c.objc; path = QSTextField.m; sourceTree = "<group>"; };
		CE5342011A808042002BA188 /* MapKit.framework */ = {isa = PBXFileReference; lastKnownFileType = wrapper.framework; name = MapKit.framework; path = System/Library/Frameworks/MapKit.framework; sourceTree = SDKROOT; };
		CE571ECF1A84798800609788 /* QSDistrictDataModel.h */ = {isa = PBXFileReference; fileEncoding = 4; lastKnownFileType = sourcecode.c.h; path = QSDistrictDataModel.h; sourceTree = "<group>"; };
		CE571ED01A84798800609788 /* QSDistrictDataModel.m */ = {isa = PBXFileReference; fileEncoding = 4; lastKnownFileType = sourcecode.c.objc; path = QSDistrictDataModel.m; sourceTree = "<group>"; };
		CE571ED21A84798800609788 /* QSHeaderDataModel.h */ = {isa = PBXFileReference; fileEncoding = 4; lastKnownFileType = sourcecode.c.h; path = QSHeaderDataModel.h; sourceTree = "<group>"; };
		CE571ED31A84798800609788 /* QSHeaderDataModel.m */ = {isa = PBXFileReference; fileEncoding = 4; lastKnownFileType = sourcecode.c.objc; path = QSHeaderDataModel.m; sourceTree = "<group>"; };
		CE571ED41A84798800609788 /* QSBaseModel.h */ = {isa = PBXFileReference; fileEncoding = 4; lastKnownFileType = sourcecode.c.h; path = QSBaseModel.h; sourceTree = "<group>"; };
		CE571ED51A84798800609788 /* QSBaseModel.m */ = {isa = PBXFileReference; fileEncoding = 4; lastKnownFileType = sourcecode.c.objc; path = QSBaseModel.m; sourceTree = "<group>"; };
		CE571ED71A84798800609788 /* QSDistrictReturnData.h */ = {isa = PBXFileReference; fileEncoding = 4; lastKnownFileType = sourcecode.c.h; path = QSDistrictReturnData.h; sourceTree = "<group>"; };
		CE571ED81A84798800609788 /* QSDistrictReturnData.m */ = {isa = PBXFileReference; fileEncoding = 4; lastKnownFileType = sourcecode.c.objc; path = QSDistrictReturnData.m; sourceTree = "<group>"; };
		CE571EDD1A848AF500609788 /* QSWMerchantIndexViewController.h */ = {isa = PBXFileReference; fileEncoding = 4; lastKnownFileType = sourcecode.c.h; path = QSWMerchantIndexViewController.h; sourceTree = "<group>"; };
		CE571EDE1A848AF500609788 /* QSWMerchantIndexViewController.m */ = {isa = PBXFileReference; fileEncoding = 4; lastKnownFileType = sourcecode.c.objc; path = QSWMerchantIndexViewController.m; sourceTree = "<group>"; };
		CE571EDF1A848AF500609788 /* QSWMerchantIndexViewController.xib */ = {isa = PBXFileReference; fileEncoding = 4; lastKnownFileType = file.xib; path = QSWMerchantIndexViewController.xib; sourceTree = "<group>"; };
		CE571EE21A84A37C00609788 /* QSWMerchantIndexCell.h */ = {isa = PBXFileReference; fileEncoding = 4; lastKnownFileType = sourcecode.c.h; name = QSWMerchantIndexCell.h; path = ../QSWMerchantIndexCell.h; sourceTree = "<group>"; };
		CE571EE31A84A37C00609788 /* QSWMerchantIndexCell.m */ = {isa = PBXFileReference; fileEncoding = 4; lastKnownFileType = sourcecode.c.objc; name = QSWMerchantIndexCell.m; path = ../QSWMerchantIndexCell.m; sourceTree = "<group>"; };
		CEF7D86F1A80B09B00E14730 /* CoreLocation.framework */ = {isa = PBXFileReference; lastKnownFileType = wrapper.framework; name = CoreLocation.framework; path = System/Library/Frameworks/CoreLocation.framework; sourceTree = SDKROOT; };
		CEF7D8711A80BEE700E14730 /* SystemConfiguration.framework */ = {isa = PBXFileReference; lastKnownFileType = wrapper.framework; name = SystemConfiguration.framework; path = System/Library/Frameworks/SystemConfiguration.framework; sourceTree = SDKROOT; };
/* End PBXFileReference section */

/* Begin PBXFrameworksBuildPhase section */
		183673F81A7F8FA800BCCF39 /* Frameworks */ = {
			isa = PBXFrameworksBuildPhase;
			buildActionMask = 2147483647;
			files = (
				CEF7D8721A80BEE700E14730 /* SystemConfiguration.framework in Frameworks */,
				CEF7D8701A80B09B00E14730 /* CoreLocation.framework in Frameworks */,
				CE5342021A808042002BA188 /* MapKit.framework in Frameworks */,
				183674011A7F8FA800BCCF39 /* CoreGraphics.framework in Frameworks */,
				183674031A7F8FA800BCCF39 /* UIKit.framework in Frameworks */,
				183673FF1A7F8FA800BCCF39 /* Foundation.framework in Frameworks */,
				E499385CF0045A0843FE9A75 /* libPods.a in Frameworks */,
			);
			runOnlyForDeploymentPostprocessing = 0;
		};
		183674131A7F8FA800BCCF39 /* Frameworks */ = {
			isa = PBXFrameworksBuildPhase;
			buildActionMask = 2147483647;
			files = (
				183674181A7F8FA800BCCF39 /* XCTest.framework in Frameworks */,
				1836741A1A7F8FA800BCCF39 /* UIKit.framework in Frameworks */,
				183674191A7F8FA800BCCF39 /* Foundation.framework in Frameworks */,
			);
			runOnlyForDeploymentPostprocessing = 0;
		};
/* End PBXFrameworksBuildPhase section */

/* Begin PBXGroup section */
		183673F21A7F8FA800BCCF39 = {
			isa = PBXGroup;
			children = (
				183674041A7F8FA800BCCF39 /* suntry */,
				1836741D1A7F8FA800BCCF39 /* suntryTests */,
				183673FD1A7F8FA800BCCF39 /* Frameworks */,
				183673FC1A7F8FA800BCCF39 /* Products */,
				33C6DF1C30579CFE5CB10286 /* Pods */,
			);
			sourceTree = "<group>";
		};
		183673FC1A7F8FA800BCCF39 /* Products */ = {
			isa = PBXGroup;
			children = (
				183673FB1A7F8FA800BCCF39 /* suntry.app */,
				183674161A7F8FA800BCCF39 /* suntryTests.xctest */,
			);
			name = Products;
			sourceTree = "<group>";
		};
		183673FD1A7F8FA800BCCF39 /* Frameworks */ = {
			isa = PBXGroup;
			children = (
				CEF7D8711A80BEE700E14730 /* SystemConfiguration.framework */,
				CEF7D86F1A80B09B00E14730 /* CoreLocation.framework */,
				CE5342011A808042002BA188 /* MapKit.framework */,
				183673FE1A7F8FA800BCCF39 /* Foundation.framework */,
				183674001A7F8FA800BCCF39 /* CoreGraphics.framework */,
				183674021A7F8FA800BCCF39 /* UIKit.framework */,
				183674171A7F8FA800BCCF39 /* XCTest.framework */,
				AFE9B580549DCA38D48BB605 /* libPods.a */,
			);
			name = Frameworks;
			sourceTree = "<group>";
		};
		183674041A7F8FA800BCCF39 /* suntry */ = {
			isa = PBXGroup;
			children = (
				CE5341A41A7FBFD8002BA188 /* Readme.rtf */,
				CE571ECC1A84798800609788 /* Model */,
				CE53418A1A7FBFAA002BA188 /* Category */,
				CE53416F1A7FBB4E002BA188 /* QSTool */,
				CE5341651A7FAF2A002BA188 /* Header */,
				CE53414C1A7FA527002BA188 /* Handler */,
				CE53412C1A7FA4CE002BA188 /* Controller */,
				1836740D1A7F8FA800BCCF39 /* QSAppDelegate.h */,
				1836740E1A7F8FA800BCCF39 /* QSAppDelegate.m */,
				183674101A7F8FA800BCCF39 /* Images.xcassets */,
				183674051A7F8FA800BCCF39 /* Supporting Files */,
			);
			path = suntry;
			sourceTree = "<group>";
		};
		183674051A7F8FA800BCCF39 /* Supporting Files */ = {
			isa = PBXGroup;
			children = (
				183674061A7F8FA800BCCF39 /* suntry-Info.plist */,
				183674071A7F8FA800BCCF39 /* InfoPlist.strings */,
				1836740A1A7F8FA800BCCF39 /* main.m */,
				1836740C1A7F8FA800BCCF39 /* suntry-Prefix.pch */,
			);
			name = "Supporting Files";
			sourceTree = "<group>";
		};
		1836741D1A7F8FA800BCCF39 /* suntryTests */ = {
			isa = PBXGroup;
			children = (
				183674231A7F8FA800BCCF39 /* suntryTests.m */,
				1836741E1A7F8FA800BCCF39 /* Supporting Files */,
			);
			path = suntryTests;
			sourceTree = "<group>";
		};
		1836741E1A7F8FA800BCCF39 /* Supporting Files */ = {
			isa = PBXGroup;
			children = (
				1836741F1A7F8FA800BCCF39 /* suntryTests-Info.plist */,
				183674201A7F8FA800BCCF39 /* InfoPlist.strings */,
			);
			name = "Supporting Files";
			sourceTree = "<group>";
		};
		33C6DF1C30579CFE5CB10286 /* Pods */ = {
			isa = PBXGroup;
			children = (
				522151CC3B754FB3D8D94A4F /* Pods.debug.xcconfig */,
				A8A22AA6E30509820033BFFD /* Pods.release.xcconfig */,
			);
			name = Pods;
			sourceTree = "<group>";
		};
		CE53412C1A7FA4CE002BA188 /* Controller */ = {
			isa = PBXGroup;
			children = (
				CE53412D1A7FA4CE002BA188 /* Hmoe */,
				CE5341301A7FA4CE002BA188 /* Main */,
				CE5341331A7FA4CE002BA188 /* Map */,
				CE5341381A7FA4CE002BA188 /* MyInfo */,
				CE53413B1A7FA4CE002BA188 /* Order */,
				CE53413E1A7FA4CE002BA188 /* PointMeal */,
			);
			path = Controller;
			sourceTree = "<group>";
		};
		CE53412D1A7FA4CE002BA188 /* Hmoe */ = {
			isa = PBXGroup;
			children = (
				4789353F1A876B0D008E12A1 /* QSPShakeFoodView.h */,
				478935401A876B0D008E12A1 /* QSPShakeFoodView.m */,
				CE571EE51A84A39200609788 /* Cell */,
				CE53412E1A7FA4CE002BA188 /* QSHomeViewController.h */,
				CE53412F1A7FA4CE002BA188 /* QSHomeViewController.m */,
				CE571EDD1A848AF500609788 /* QSWMerchantIndexViewController.h */,
				CE571EDE1A848AF500609788 /* QSWMerchantIndexViewController.m */,
				CE571EDF1A848AF500609788 /* QSWMerchantIndexViewController.xib */,
			);
			path = Hmoe;
			sourceTree = "<group>";
		};
		CE5341301A7FA4CE002BA188 /* Main */ = {
			isa = PBXGroup;
			children = (
				CE5341311A7FA4CE002BA188 /* QSTabBarViewController.h */,
				CE5341321A7FA4CE002BA188 /* QSTabBarViewController.m */,
			);
			path = Main;
			sourceTree = "<group>";
		};
		CE5341331A7FA4CE002BA188 /* Map */ = {
			isa = PBXGroup;
			children = (
				CE5341341A7FA4CE002BA188 /* QSAnnotation.h */,
				CE5341351A7FA4CE002BA188 /* QSAnnotation.m */,
				CE5341361A7FA4CE002BA188 /* QSMapNavigationViewController.h */,
				CE5341371A7FA4CE002BA188 /* QSMapNavigationViewController.m */,
			);
			path = Map;
			sourceTree = "<group>";
		};
		CE5341381A7FA4CE002BA188 /* MyInfo */ = {
			isa = PBXGroup;
			children = (
				CE5341391A7FA4CE002BA188 /* QSMyinfoViewController.h */,
				CE53413A1A7FA4CE002BA188 /* QSMyinfoViewController.m */,
			);
			path = MyInfo;
			sourceTree = "<group>";
		};
		CE53413B1A7FA4CE002BA188 /* Order */ = {
			isa = PBXGroup;
			children = (
				CE53413C1A7FA4CE002BA188 /* QSOrderViewController.h */,
				CE53413D1A7FA4CE002BA188 /* QSOrderViewController.m */,
			);
			path = Order;
			sourceTree = "<group>";
		};
		CE53413E1A7FA4CE002BA188 /* PointMeal */ = {
			isa = PBXGroup;
			children = (
				47DF5A281A88B7230088C87D /* QSPShoppingCarView.h */,
				47DF5A291A88B7230088C87D /* QSPShoppingCarView.m */,
				478935421A876B20008E12A1 /* QSPFoodCountControlView.h */,
				478935431A876B20008E12A1 /* QSPFoodCountControlView.m */,
				CE5341421A7FA4CE002BA188 /* QSPointMealViewController.h */,
				CE5341431A7FA4CE002BA188 /* QSPointMealViewController.m */,
				478935471A878B21008E12A1 /* QSPFoodTypeTableViewCell.h */,
				478935481A878B21008E12A1 /* QSPFoodTypeTableViewCell.m */,
				4789354A1A878DD0008E12A1 /* QSPFoodInfoListTableViewCell.h */,
				4789354B1A878DD0008E12A1 /* QSPFoodInfoListTableViewCell.m */,
			);
			path = PointMeal;
			sourceTree = "<group>";
		};
		CE53414C1A7FA527002BA188 /* Handler */ = {
			isa = PBXGroup;
			children = (
				CE53414D1A7FA527002BA188 /* Controller */,
				CE53414E1A7FA527002BA188 /* DataMapping */,
				CE5341511A7FA527002BA188 /* MapManager */,
				CE5341541A7FA527002BA188 /* Request */,
			);
			path = Handler;
			sourceTree = "<group>";
		};
		CE53414D1A7FA527002BA188 /* Controller */ = {
			isa = PBXGroup;
			children = (
			);
			path = Controller;
			sourceTree = "<group>";
		};
		CE53414E1A7FA527002BA188 /* DataMapping */ = {
			isa = PBXGroup;
			children = (
				CE53414F1A7FA527002BA188 /* QSDataMappingManager.h */,
				CE5341501A7FA527002BA188 /* QSDataMappingManager.m */,
			);
			path = DataMapping;
			sourceTree = "<group>";
		};
		CE5341511A7FA527002BA188 /* MapManager */ = {
			isa = PBXGroup;
			children = (
				CE5341521A7FA527002BA188 /* QSMapManager.h */,
				CE5341531A7FA527002BA188 /* QSMapManager.m */,
			);
			path = MapManager;
			sourceTree = "<group>";
		};
		CE5341541A7FA527002BA188 /* Request */ = {
			isa = PBXGroup;
			children = (
				CE5341551A7FA527002BA188 /* QSRequestManager.h */,
				CE5341561A7FA527002BA188 /* QSRequestManager.m */,
				CE5341571A7FA527002BA188 /* QSRequestTaskDataModel.h */,
				CE5341581A7FA527002BA188 /* QSRequestTaskDataModel.m */,
				CE5341591A7FA527002BA188 /* RequestInfo.plist */,
			);
			path = Request;
			sourceTree = "<group>";
		};
		CE5341651A7FAF2A002BA188 /* Header */ = {
			isa = PBXGroup;
			children = (
				CE53416A1A7FB182002BA188 /* Title */,
				CE5341691A7FB170002BA188 /* Size */,
				CE5341681A7FB155002BA188 /* Image */,
				CE5341671A7FB130002BA188 /* Color */,
			);
			path = Header;
			sourceTree = "<group>";
		};
		CE5341671A7FB130002BA188 /* Color */ = {
			isa = PBXGroup;
			children = (
				CE5341661A7FAF3A002BA188 /* ColorHeader.h */,
			);
			name = Color;
			sourceTree = "<group>";
		};
		CE5341681A7FB155002BA188 /* Image */ = {
			isa = PBXGroup;
			children = (
				CE53416E1A7FB304002BA188 /* ImageHeader.h */,
			);
			name = Image;
			sourceTree = "<group>";
		};
		CE5341691A7FB170002BA188 /* Size */ = {
			isa = PBXGroup;
			children = (
				CE53416B1A7FB23E002BA188 /* DeviceSizeHeader.h */,
				CE53416C1A7FB269002BA188 /* FontHeader.h */,
				CE53416D1A7FB297002BA188 /* ViewSizeHeader.h */,
			);
			name = Size;
			sourceTree = "<group>";
		};
		CE53416A1A7FB182002BA188 /* Title */ = {
			isa = PBXGroup;
			children = (
			);
			name = Title;
			sourceTree = "<group>";
		};
		CE53416F1A7FBB4E002BA188 /* QSTool */ = {
			isa = PBXGroup;
			children = (
				CE5341A61A7FC268002BA188 /* TextField */,
				CE5341831A7FBD4C002BA188 /* Label */,
				CE5341771A7FBCAC002BA188 /* ImageView */,
				CE5341701A7FBC6F002BA188 /* Button */,
			);
			path = QSTool;
			sourceTree = "<group>";
		};
		CE5341701A7FBC6F002BA188 /* Button */ = {
			isa = PBXGroup;
			children = (
				CE5341711A7FBC6F002BA188 /* QSBlockButton.h */,
				CE5341721A7FBC6F002BA188 /* QSBlockButton.m */,
				CE5341731A7FBC6F002BA188 /* QSBlockButtonStyleModel.h */,
				CE5341741A7FBC6F002BA188 /* QSBlockButtonStyleModel.m */,
			);
			path = Button;
			sourceTree = "<group>";
		};
		CE5341771A7FBCAC002BA188 /* ImageView */ = {
			isa = PBXGroup;
			children = (
				CE5341781A7FBCAC002BA188 /* Image */,
				CE53417B1A7FBCAC002BA188 /* ImageCache */,
				CE53417E1A7FBCAC002BA188 /* QSImageView.h */,
				CE53417F1A7FBCAC002BA188 /* QSImageView.m */,
			);
			path = ImageView;
			sourceTree = "<group>";
		};
		CE5341781A7FBCAC002BA188 /* Image */ = {
			isa = PBXGroup;
			children = (
				CE5341791A7FBCAC002BA188 /* UIImage+Compressed.h */,
				CE53417A1A7FBCAC002BA188 /* UIImage+Compressed.m */,
			);
			path = Image;
			sourceTree = "<group>";
		};
		CE53417B1A7FBCAC002BA188 /* ImageCache */ = {
			isa = PBXGroup;
			children = (
				CE53417C1A7FBCAC002BA188 /* UIImageView+CacheImage.h */,
				CE53417D1A7FBCAC002BA188 /* UIImageView+CacheImage.m */,
			);
			path = ImageCache;
			sourceTree = "<group>";
		};
		CE5341831A7FBD4C002BA188 /* Label */ = {
			isa = PBXGroup;
			children = (
				CE5341841A7FBD4C002BA188 /* QSLabel.h */,
				CE5341851A7FBD4C002BA188 /* QSLabel.m */,
			);
			path = Label;
			sourceTree = "<group>";
		};
		CE53418A1A7FBFAA002BA188 /* Category */ = {
			isa = PBXGroup;
			children = (
				CE5341921A7FBFAA002BA188 /* NSString */,
				CE5341981A7FBFAA002BA188 /* UIImageView */,
				CE53419B1A7FBFAA002BA188 /* UITextField */,
			);
			path = Category;
			sourceTree = "<group>";
		};
		CE5341921A7FBFAA002BA188 /* NSString */ = {
			isa = PBXGroup;
			children = (
				CE5341931A7FBFAA002BA188 /* NSString+Calculation.h */,
				CE5341941A7FBFAA002BA188 /* NSString+Calculation.m */,
			);
			path = NSString;
			sourceTree = "<group>";
		};
		CE5341981A7FBFAA002BA188 /* UIImageView */ = {
			isa = PBXGroup;
			children = (
				CE5341991A7FBFAA002BA188 /* QSImageView+Block.h */,
				CE53419A1A7FBFAA002BA188 /* QSImageView+Block.m */,
			);
			path = UIImageView;
			sourceTree = "<group>";
		};
		CE53419B1A7FBFAA002BA188 /* UITextField */ = {
			isa = PBXGroup;
			children = (
				CE53419C1A7FBFAA002BA188 /* UITextField+CustomField.h */,
				CE53419D1A7FBFAA002BA188 /* UITextField+CustomField.m */,
			);
			path = UITextField;
			sourceTree = "<group>";
		};
		CE5341A61A7FC268002BA188 /* TextField */ = {
			isa = PBXGroup;
			children = (
				CE5341A71A7FC268002BA188 /* QSTextField.h */,
				CE5341A81A7FC268002BA188 /* QSTextField.m */,
			);
			path = TextField;
			sourceTree = "<group>";
		};
		CE571ECC1A84798800609788 /* Model */ = {
			isa = PBXGroup;
			children = (
				CE571ECD1A84798800609788 /* Base */,
				CE571ED61A84798800609788 /* Configuration */,
			);
			path = Model;
			sourceTree = "<group>";
		};
		CE571ECD1A84798800609788 /* Base */ = {
			isa = PBXGroup;
			children = (
				CE571ECE1A84798800609788 /* District */,
				CE571ED11A84798800609788 /* Header */,
				CE571ED41A84798800609788 /* QSBaseModel.h */,
				CE571ED51A84798800609788 /* QSBaseModel.m */,
			);
			path = Base;
			sourceTree = "<group>";
		};
		CE571ECE1A84798800609788 /* District */ = {
			isa = PBXGroup;
			children = (
				CE571ECF1A84798800609788 /* QSDistrictDataModel.h */,
				CE571ED01A84798800609788 /* QSDistrictDataModel.m */,
			);
			path = District;
			sourceTree = "<group>";
		};
		CE571ED11A84798800609788 /* Header */ = {
			isa = PBXGroup;
			children = (
				CE571ED21A84798800609788 /* QSHeaderDataModel.h */,
				CE571ED31A84798800609788 /* QSHeaderDataModel.m */,
			);
			path = Header;
			sourceTree = "<group>";
		};
		CE571ED61A84798800609788 /* Configuration */ = {
			isa = PBXGroup;
			children = (
				CE571ED71A84798800609788 /* QSDistrictReturnData.h */,
				CE571ED81A84798800609788 /* QSDistrictReturnData.m */,
			);
			path = Configuration;
			sourceTree = "<group>";
		};
		CE571EE51A84A39200609788 /* Cell */ = {
			isa = PBXGroup;
			children = (
				CE571EE21A84A37C00609788 /* QSWMerchantIndexCell.h */,
				CE571EE31A84A37C00609788 /* QSWMerchantIndexCell.m */,
			);
			path = Cell;
			sourceTree = "<group>";
		};
/* End PBXGroup section */

/* Begin PBXNativeTarget section */
		183673FA1A7F8FA800BCCF39 /* suntry */ = {
			isa = PBXNativeTarget;
			buildConfigurationList = 183674271A7F8FA800BCCF39 /* Build configuration list for PBXNativeTarget "suntry" */;
			buildPhases = (
				6525E68F2B6AC270F8250626 /* Check Pods Manifest.lock */,
				183673F71A7F8FA800BCCF39 /* Sources */,
				183673F81A7F8FA800BCCF39 /* Frameworks */,
				183673F91A7F8FA800BCCF39 /* Resources */,
				7FDE7FF5176394AAABB3FDA3 /* Copy Pods Resources */,
			);
			buildRules = (
			);
			dependencies = (
			);
			name = suntry;
			productName = suntry;
			productReference = 183673FB1A7F8FA800BCCF39 /* suntry.app */;
			productType = "com.apple.product-type.application";
		};
		183674151A7F8FA800BCCF39 /* suntryTests */ = {
			isa = PBXNativeTarget;
			buildConfigurationList = 1836742A1A7F8FA800BCCF39 /* Build configuration list for PBXNativeTarget "suntryTests" */;
			buildPhases = (
				183674121A7F8FA800BCCF39 /* Sources */,
				183674131A7F8FA800BCCF39 /* Frameworks */,
				183674141A7F8FA800BCCF39 /* Resources */,
			);
			buildRules = (
			);
			dependencies = (
				1836741C1A7F8FA800BCCF39 /* PBXTargetDependency */,
			);
			name = suntryTests;
			productName = suntryTests;
			productReference = 183674161A7F8FA800BCCF39 /* suntryTests.xctest */;
			productType = "com.apple.product-type.bundle.unit-test";
		};
/* End PBXNativeTarget section */

/* Begin PBXProject section */
		183673F31A7F8FA800BCCF39 /* Project object */ = {
			isa = PBXProject;
			attributes = {
				CLASSPREFIX = QS;
				LastUpgradeCheck = 0510;
				ORGANIZATIONNAME = "广州七升网络科技有限公司";
				TargetAttributes = {
					183674151A7F8FA800BCCF39 = {
						TestTargetID = 183673FA1A7F8FA800BCCF39;
					};
				};
			};
			buildConfigurationList = 183673F61A7F8FA800BCCF39 /* Build configuration list for PBXProject "suntry" */;
			compatibilityVersion = "Xcode 3.2";
			developmentRegion = English;
			hasScannedForEncodings = 0;
			knownRegions = (
				en,
			);
			mainGroup = 183673F21A7F8FA800BCCF39;
			productRefGroup = 183673FC1A7F8FA800BCCF39 /* Products */;
			projectDirPath = "";
			projectRoot = "";
			targets = (
				183673FA1A7F8FA800BCCF39 /* suntry */,
				183674151A7F8FA800BCCF39 /* suntryTests */,
			);
		};
/* End PBXProject section */

/* Begin PBXResourcesBuildPhase section */
		183673F91A7F8FA800BCCF39 /* Resources */ = {
			isa = PBXResourcesBuildPhase;
			buildActionMask = 2147483647;
			files = (
				183674091A7F8FA800BCCF39 /* InfoPlist.strings in Resources */,
				CE53415E1A7FA527002BA188 /* RequestInfo.plist in Resources */,
				CE571EE11A848AF500609788 /* QSWMerchantIndexViewController.xib in Resources */,
				CE5341A51A7FBFD8002BA188 /* Readme.rtf in Resources */,
				183674111A7F8FA800BCCF39 /* Images.xcassets in Resources */,
			);
			runOnlyForDeploymentPostprocessing = 0;
		};
		183674141A7F8FA800BCCF39 /* Resources */ = {
			isa = PBXResourcesBuildPhase;
			buildActionMask = 2147483647;
			files = (
				183674221A7F8FA800BCCF39 /* InfoPlist.strings in Resources */,
			);
			runOnlyForDeploymentPostprocessing = 0;
		};
/* End PBXResourcesBuildPhase section */

/* Begin PBXShellScriptBuildPhase section */
		6525E68F2B6AC270F8250626 /* Check Pods Manifest.lock */ = {
			isa = PBXShellScriptBuildPhase;
			buildActionMask = 2147483647;
			files = (
			);
			inputPaths = (
			);
			name = "Check Pods Manifest.lock";
			outputPaths = (
			);
			runOnlyForDeploymentPostprocessing = 0;
			shellPath = /bin/sh;
			shellScript = "diff \"${PODS_ROOT}/../Podfile.lock\" \"${PODS_ROOT}/Manifest.lock\" > /dev/null\nif [[ $? != 0 ]] ; then\n    cat << EOM\nerror: The sandbox is not in sync with the Podfile.lock. Run 'pod install' or update your CocoaPods installation.\nEOM\n    exit 1\nfi\n";
			showEnvVarsInLog = 0;
		};
		7FDE7FF5176394AAABB3FDA3 /* Copy Pods Resources */ = {
			isa = PBXShellScriptBuildPhase;
			buildActionMask = 2147483647;
			files = (
			);
			inputPaths = (
			);
			name = "Copy Pods Resources";
			outputPaths = (
			);
			runOnlyForDeploymentPostprocessing = 0;
			shellPath = /bin/sh;
			shellScript = "\"${SRCROOT}/Pods/Target Support Files/Pods/Pods-resources.sh\"\n";
			showEnvVarsInLog = 0;
		};
/* End PBXShellScriptBuildPhase section */

/* Begin PBXSourcesBuildPhase section */
		183673F71A7F8FA800BCCF39 /* Sources */ = {
			isa = PBXSourcesBuildPhase;
			buildActionMask = 2147483647;
			files = (
				CE5341801A7FBCAC002BA188 /* UIImage+Compressed.m in Sources */,
				CE5341A31A7FBFAA002BA188 /* UITextField+CustomField.m in Sources */,
				CE5341761A7FBC6F002BA188 /* QSBlockButtonStyleModel.m in Sources */,
				CE5341821A7FBCAC002BA188 /* QSImageView.m in Sources */,
				CE53415D1A7FA527002BA188 /* QSRequestTaskDataModel.m in Sources */,
				CE571EDA1A84798800609788 /* QSHeaderDataModel.m in Sources */,
				CE571EE01A848AF500609788 /* QSWMerchantIndexViewController.m in Sources */,
				CE53414B1A7FA4CE002BA188 /* QSPointMealViewController.m in Sources */,
				CE5341A21A7FBFAA002BA188 /* QSImageView+Block.m in Sources */,
				CE5341811A7FBCAC002BA188 /* UIImageView+CacheImage.m in Sources */,
				1836740F1A7F8FA800BCCF39 /* QSAppDelegate.m in Sources */,
				CE5341491A7FA4CE002BA188 /* QSOrderViewController.m in Sources */,
				CE5341471A7FA4CE002BA188 /* QSMapNavigationViewController.m in Sources */,
				CE571EE41A84A37C00609788 /* QSWMerchantIndexCell.m in Sources */,
				47DF5A2A1A88B7230088C87D /* QSPShoppingCarView.m in Sources */,
				478935411A876B0D008E12A1 /* QSPShakeFoodView.m in Sources */,
				478935441A876B20008E12A1 /* QSPFoodCountControlView.m in Sources */,
				4789354C1A878DD0008E12A1 /* QSPFoodInfoListTableViewCell.m in Sources */,
				CE53415B1A7FA527002BA188 /* QSMapManager.m in Sources */,
				CE53415C1A7FA527002BA188 /* QSRequestManager.m in Sources */,
				CE5341A91A7FC268002BA188 /* QSTextField.m in Sources */,
				CE5341461A7FA4CE002BA188 /* QSAnnotation.m in Sources */,
				CE5341481A7FA4CE002BA188 /* QSMyinfoViewController.m in Sources */,
				1836740B1A7F8FA800BCCF39 /* main.m in Sources */,
				478935491A878B21008E12A1 /* QSPFoodTypeTableViewCell.m in Sources */,
				CE5341451A7FA4CE002BA188 /* QSTabBarViewController.m in Sources */,
				CE571EDC1A84798800609788 /* QSDistrictReturnData.m in Sources */,
				CE5341751A7FBC6F002BA188 /* QSBlockButton.m in Sources */,
				CE571EDB1A84798800609788 /* QSBaseModel.m in Sources */,
				CE53415A1A7FA527002BA188 /* QSDataMappingManager.m in Sources */,
				CE5341A01A7FBFAA002BA188 /* NSString+Calculation.m in Sources */,
				CE571ED91A84798800609788 /* QSDistrictDataModel.m in Sources */,
				CE5341441A7FA4CE002BA188 /* QSHomeViewController.m in Sources */,
				CE5341861A7FBD4C002BA188 /* QSLabel.m in Sources */,
			);
			runOnlyForDeploymentPostprocessing = 0;
		};
		183674121A7F8FA800BCCF39 /* Sources */ = {
			isa = PBXSourcesBuildPhase;
			buildActionMask = 2147483647;
			files = (
				183674241A7F8FA800BCCF39 /* suntryTests.m in Sources */,
			);
			runOnlyForDeploymentPostprocessing = 0;
		};
/* End PBXSourcesBuildPhase section */

/* Begin PBXTargetDependency section */
		1836741C1A7F8FA800BCCF39 /* PBXTargetDependency */ = {
			isa = PBXTargetDependency;
			target = 183673FA1A7F8FA800BCCF39 /* suntry */;
			targetProxy = 1836741B1A7F8FA800BCCF39 /* PBXContainerItemProxy */;
		};
/* End PBXTargetDependency section */

/* Begin PBXVariantGroup section */
		183674071A7F8FA800BCCF39 /* InfoPlist.strings */ = {
			isa = PBXVariantGroup;
			children = (
				183674081A7F8FA800BCCF39 /* en */,
			);
			name = InfoPlist.strings;
			sourceTree = "<group>";
		};
		183674201A7F8FA800BCCF39 /* InfoPlist.strings */ = {
			isa = PBXVariantGroup;
			children = (
				183674211A7F8FA800BCCF39 /* en */,
			);
			name = InfoPlist.strings;
			sourceTree = "<group>";
		};
/* End PBXVariantGroup section */

/* Begin XCBuildConfiguration section */
		183674251A7F8FA800BCCF39 /* Debug */ = {
			isa = XCBuildConfiguration;
			buildSettings = {
				ALWAYS_SEARCH_USER_PATHS = NO;
				CLANG_CXX_LANGUAGE_STANDARD = "gnu++0x";
				CLANG_CXX_LIBRARY = "libc++";
				CLANG_ENABLE_MODULES = YES;
				CLANG_ENABLE_OBJC_ARC = YES;
				CLANG_WARN_BOOL_CONVERSION = YES;
				CLANG_WARN_CONSTANT_CONVERSION = YES;
				CLANG_WARN_DIRECT_OBJC_ISA_USAGE = YES_ERROR;
				CLANG_WARN_EMPTY_BODY = YES;
				CLANG_WARN_ENUM_CONVERSION = YES;
				CLANG_WARN_INT_CONVERSION = YES;
				CLANG_WARN_OBJC_ROOT_CLASS = YES_ERROR;
				CLANG_WARN__DUPLICATE_METHOD_MATCH = YES;
				"CODE_SIGN_IDENTITY[sdk=iphoneos*]" = "iPhone Developer";
				COPY_PHASE_STRIP = NO;
				GCC_C_LANGUAGE_STANDARD = gnu99;
				GCC_DYNAMIC_NO_PIC = NO;
				GCC_OPTIMIZATION_LEVEL = 0;
				GCC_PREPROCESSOR_DEFINITIONS = (
					"DEBUG=1",
					"$(inherited)",
				);
				GCC_SYMBOLS_PRIVATE_EXTERN = NO;
				GCC_WARN_64_TO_32_BIT_CONVERSION = YES;
				GCC_WARN_ABOUT_RETURN_TYPE = YES_ERROR;
				GCC_WARN_UNDECLARED_SELECTOR = YES;
				GCC_WARN_UNINITIALIZED_AUTOS = YES_AGGRESSIVE;
				GCC_WARN_UNUSED_FUNCTION = YES;
				GCC_WARN_UNUSED_VARIABLE = YES;
				IPHONEOS_DEPLOYMENT_TARGET = 7.1;
				ONLY_ACTIVE_ARCH = YES;
				SDKROOT = iphoneos;
			};
			name = Debug;
		};
		183674261A7F8FA800BCCF39 /* Release */ = {
			isa = XCBuildConfiguration;
			buildSettings = {
				ALWAYS_SEARCH_USER_PATHS = NO;
				CLANG_CXX_LANGUAGE_STANDARD = "gnu++0x";
				CLANG_CXX_LIBRARY = "libc++";
				CLANG_ENABLE_MODULES = YES;
				CLANG_ENABLE_OBJC_ARC = YES;
				CLANG_WARN_BOOL_CONVERSION = YES;
				CLANG_WARN_CONSTANT_CONVERSION = YES;
				CLANG_WARN_DIRECT_OBJC_ISA_USAGE = YES_ERROR;
				CLANG_WARN_EMPTY_BODY = YES;
				CLANG_WARN_ENUM_CONVERSION = YES;
				CLANG_WARN_INT_CONVERSION = YES;
				CLANG_WARN_OBJC_ROOT_CLASS = YES_ERROR;
				CLANG_WARN__DUPLICATE_METHOD_MATCH = YES;
				"CODE_SIGN_IDENTITY[sdk=iphoneos*]" = "iPhone Developer";
				COPY_PHASE_STRIP = YES;
				ENABLE_NS_ASSERTIONS = NO;
				GCC_C_LANGUAGE_STANDARD = gnu99;
				GCC_WARN_64_TO_32_BIT_CONVERSION = YES;
				GCC_WARN_ABOUT_RETURN_TYPE = YES_ERROR;
				GCC_WARN_UNDECLARED_SELECTOR = YES;
				GCC_WARN_UNINITIALIZED_AUTOS = YES_AGGRESSIVE;
				GCC_WARN_UNUSED_FUNCTION = YES;
				GCC_WARN_UNUSED_VARIABLE = YES;
				IPHONEOS_DEPLOYMENT_TARGET = 7.1;
				SDKROOT = iphoneos;
				VALIDATE_PRODUCT = YES;
			};
			name = Release;
		};
		183674281A7F8FA800BCCF39 /* Debug */ = {
			isa = XCBuildConfiguration;
			baseConfigurationReference = 522151CC3B754FB3D8D94A4F /* Pods.debug.xcconfig */;
			buildSettings = {
				ASSETCATALOG_COMPILER_APPICON_NAME = AppIcon;
				ASSETCATALOG_COMPILER_LAUNCHIMAGE_NAME = LaunchImage;
				GCC_PRECOMPILE_PREFIX_HEADER = YES;
				GCC_PREFIX_HEADER = "suntry/suntry-Prefix.pch";
				INFOPLIST_FILE = "suntry/suntry-Info.plist";
				IPHONEOS_DEPLOYMENT_TARGET = 7.0;
				PRODUCT_NAME = "$(TARGET_NAME)";
				WRAPPER_EXTENSION = app;
			};
			name = Debug;
		};
		183674291A7F8FA800BCCF39 /* Release */ = {
			isa = XCBuildConfiguration;
			baseConfigurationReference = A8A22AA6E30509820033BFFD /* Pods.release.xcconfig */;
			buildSettings = {
				ASSETCATALOG_COMPILER_APPICON_NAME = AppIcon;
				ASSETCATALOG_COMPILER_LAUNCHIMAGE_NAME = LaunchImage;
				GCC_PRECOMPILE_PREFIX_HEADER = YES;
				GCC_PREFIX_HEADER = "suntry/suntry-Prefix.pch";
				INFOPLIST_FILE = "suntry/suntry-Info.plist";
				IPHONEOS_DEPLOYMENT_TARGET = 7.0;
				PRODUCT_NAME = "$(TARGET_NAME)";
				WRAPPER_EXTENSION = app;
			};
			name = Release;
		};
		1836742B1A7F8FA800BCCF39 /* Debug */ = {
			isa = XCBuildConfiguration;
			buildSettings = {
				BUNDLE_LOADER = "$(BUILT_PRODUCTS_DIR)/suntry.app/suntry";
				FRAMEWORK_SEARCH_PATHS = (
					"$(SDKROOT)/Developer/Library/Frameworks",
					"$(inherited)",
					"$(DEVELOPER_FRAMEWORKS_DIR)",
				);
				GCC_PRECOMPILE_PREFIX_HEADER = YES;
				GCC_PREFIX_HEADER = "suntry/suntry-Prefix.pch";
				GCC_PREPROCESSOR_DEFINITIONS = (
					"DEBUG=1",
					"$(inherited)",
				);
				INFOPLIST_FILE = "suntryTests/suntryTests-Info.plist";
				PRODUCT_NAME = "$(TARGET_NAME)";
				TEST_HOST = "$(BUNDLE_LOADER)";
				WRAPPER_EXTENSION = xctest;
			};
			name = Debug;
		};
		1836742C1A7F8FA800BCCF39 /* Release */ = {
			isa = XCBuildConfiguration;
			buildSettings = {
				BUNDLE_LOADER = "$(BUILT_PRODUCTS_DIR)/suntry.app/suntry";
				FRAMEWORK_SEARCH_PATHS = (
					"$(SDKROOT)/Developer/Library/Frameworks",
					"$(inherited)",
					"$(DEVELOPER_FRAMEWORKS_DIR)",
				);
				GCC_PRECOMPILE_PREFIX_HEADER = YES;
				GCC_PREFIX_HEADER = "suntry/suntry-Prefix.pch";
				INFOPLIST_FILE = "suntryTests/suntryTests-Info.plist";
				PRODUCT_NAME = "$(TARGET_NAME)";
				TEST_HOST = "$(BUNDLE_LOADER)";
				WRAPPER_EXTENSION = xctest;
			};
			name = Release;
		};
/* End XCBuildConfiguration section */

/* Begin XCConfigurationList section */
		183673F61A7F8FA800BCCF39 /* Build configuration list for PBXProject "suntry" */ = {
			isa = XCConfigurationList;
			buildConfigurations = (
				183674251A7F8FA800BCCF39 /* Debug */,
				183674261A7F8FA800BCCF39 /* Release */,
			);
			defaultConfigurationIsVisible = 0;
			defaultConfigurationName = Release;
		};
		183674271A7F8FA800BCCF39 /* Build configuration list for PBXNativeTarget "suntry" */ = {
			isa = XCConfigurationList;
			buildConfigurations = (
				183674281A7F8FA800BCCF39 /* Debug */,
				183674291A7F8FA800BCCF39 /* Release */,
			);
			defaultConfigurationIsVisible = 0;
			defaultConfigurationName = Release;
		};
		1836742A1A7F8FA800BCCF39 /* Build configuration list for PBXNativeTarget "suntryTests" */ = {
			isa = XCConfigurationList;
			buildConfigurations = (
				1836742B1A7F8FA800BCCF39 /* Debug */,
				1836742C1A7F8FA800BCCF39 /* Release */,
			);
			defaultConfigurationIsVisible = 0;
			defaultConfigurationName = Release;
		};
/* End XCConfigurationList section */
	};
	rootObject = 183673F31A7F8FA800BCCF39 /* Project object */;
}
